
Microsoft Visual Studio Solution File, Format Version 12.00
# Visual Studio Version 17
VisualStudioVersion = 17.8.34408.163
MinimumVisualStudioVersion = 10.0.40219.1
Project("{FAE04EC0-301F-11D3-BF4B-00C04F79EFBC}") = "Centroide", "Centroide\Centroide.csproj", "{43DBC639-F197-48DE-AF53-A2AB2F306450}"
EndProject
Global
	GlobalSection(SolutionConfigurationPlatforms) = preSolution
		Debug|Any CPU = Debug|Any CPU
		Release|Any CPU = Release|Any CPU
	EndGlobalSection
	GlobalSection(ProjectConfigurationPlatforms) = postSolution
		{43DBC639-F197-48DE-AF53-A2AB2F306450}.Debug|Any CPU.ActiveCfg = Debug|Any CPU
		{43DBC639-F197-48DE-AF53-A2AB2F306450}.Debug|Any CPU.Build.0 = Debug|Any CPU
		{43DBC639-F197-48DE-AF53-A2AB2F306450}.Release|Any CPU.ActiveCfg = Release|Any CPU
		{43DBC639-F197-48DE-AF53-A2AB2F306450}.Release|Any CPU.Build.0 = Release|Any CPU
	EndGlobalSection
	GlobalSection(SolutionProperties) = preSolution
		HideSolutionNode = FALSE
	EndGlobalSection
	GlobalSection(ExtensibilityGlobals) = postSolution
		SolutionGuid = {06F0130C-32FD-4053-A625-F38D1CECE8DA}
	EndGlobalSection
EndGlobal
